
Microsoft Visual Studio Solution File, Format Version 12.00
# Visual Studio Version 17
VisualStudioVersion = 17.4.33213.308
MinimumVisualStudioVersion = 10.0.40219.1
Project("{9A19103F-16F7-4668-BE54-9A1E7A4F7556}") = "RedisCache", "RedisCache\RedisCache.csproj", "{8B3ADB2C-822B-413B-8EBA-A7CBEE22A892}"
EndProject
Global
	GlobalSection(SolutionConfigurationPlatforms) = preSolution
		Debug|Any CPU = Debug|Any CPU
		Release|Any CPU = Release|Any CPU
	EndGlobalSection
	GlobalSection(ProjectConfigurationPlatforms) = postSolution
		{8B3ADB2C-822B-413B-8EBA-A7CBEE22A892}.Debug|Any CPU.ActiveCfg = Debug|Any CPU
		{8B3ADB2C-822B-413B-8EBA-A7CBEE22A892}.Debug|Any CPU.Build.0 = Debug|Any CPU
		{8B3ADB2C-822B-413B-8EBA-A7CBEE22A892}.Release|Any CPU.ActiveCfg = Release|Any CPU
		{8B3ADB2C-822B-413B-8EBA-A7CBEE22A892}.Release|Any CPU.Build.0 = Release|Any CPU
	EndGlobalSection
	GlobalSection(SolutionProperties) = preSolution
		HideSolutionNode = FALSE
	EndGlobalSection
	GlobalSection(ExtensibilityGlobals) = postSolution
		SolutionGuid = {C6103025-DBA1-4858-B357-54FB969FF698}
	EndGlobalSection
EndGlobal
